{
  "version": 4,
  "terraform_version": "0.14.0",
  "serial": 176,
  "lineage": "b8e566a8-2aca-6c3e-329e-4d7790f67d2b",
  "outputs": {},
  "resources": [
    {
      "mode": "managed",
      "type": "proxmox_vm_qemu",
      "name": "k3s_agent",
      "provider": "provider[\"registry.terraform.io/telmate/proxmox\"]",
      "instances": [
        {
          "index_key": 0,
          "schema_version": 0,
          "attributes": {
            "additional_wait": 15,
            "agent": 1,
            "args": "",
            "balloon": 0,
            "bios": "seabios",
            "boot": "cdn",
            "bootdisk": "scsi0",
            "bridge": "",
            "ci_wait": null,
            "cicustom": "",
            "cipassword": "",
            "ciuser": "",
            "clone": "ubuntu-2004-cloudinit-template",
            "clone_wait": 15,
            "cloudinit_cdrom_storage": null,
            "cores": 4,
            "cpu": "host",
            "default_ipv4_address": "192.168.178.101",
            "define_connection_info": true,
            "desc": "",
            "disk": [
              {
                "backup": 0,
                "cache": "none",
                "discard": "",
                "file": "vm-103-disk-0",
                "format": "raw",
                "iothread": 1,
                "mbps": 0,
                "mbps_rd": 0,
                "mbps_rd_max": 0,
                "mbps_wr": 0,
                "mbps_wr_max": 0,
                "media": "",
                "replicate": 0,
                "size": "20G",
                "slot": 0,
                "ssd": 0,
                "storage": "Local-Proxmox",
                "storage_type": "zfspool",
                "type": "scsi",
                "volume": "Local-Proxmox:vm-103-disk-0"
              }
            ],
            "disk_gb": 0,
            "force_create": false,
            "force_recreate_on_change_of": null,
            "full_clone": true,
            "guest_agent_ready_timeout": 600,
            "hastate": "",
            "hotplug": "network,disk,usb",
            "id": "hv-pxe-01/qemu/103",
            "ipconfig0": "ip=192.168.178.101/24,gw=192.168.178.1",
            "ipconfig1": "",
            "ipconfig2": "",
            "iso": null,
            "kvm": true,
            "mac": "",
            "memory": 4096,
            "name": "kubernetes-node-0",
            "nameserver": "",
            "network": [
              {
                "bridge": "vmbr0",
                "firewall": false,
                "link_down": false,
                "macaddr": "3A:C8:FE:A5:5D:CC",
                "model": "virtio",
                "queues": 0,
                "rate": 0,
                "tag": -1
              }
            ],
            "nic": "",
            "numa": false,
            "onboot": true,
            "os_network_config": null,
            "os_type": "cloud-init",
            "pool": "",
            "preprovision": true,
            "qemu_os": "other",
            "reboot_required": false,
            "scsihw": "virtio-scsi-pci",
            "searchdomain": "",
            "serial": [],
            "sockets": 1,
            "ssh_forward_ip": null,
            "ssh_host": "192.168.178.101",
            "ssh_port": "22",
            "ssh_private_key": null,
            "ssh_user": null,
            "sshkeys": "  ssh-rsa AAAAB3NzaC1yc2EAAAADAQABAAABgQDCaoGbiEiWiWYmu2oxodAskRgBYlNRzBL3hqWraELQcN/456jWaRszEya/3gw+qx+h7UAIocF4M/cvozg6cX90j6iYEmeE+IKDzPM5A+IdJUKqDU97Yux9zFB7v6htMcGDZJcx/a24HDWUoQKFp+NSU74so8C3hWns5g1xaoV5mysZI0Y1Jn+yI3wA+gl70sAEVCRBpYIbJUG74zd4uP+8sfN32vCXooNyH9B2HIQbY1aPRgTrUcFNbDkniUVlqKBe50mXAZAlHvQjhn/YeB0RpbGzmMef7oDmOssTr0pBVKWavzBCoQHlT7d1zpAXe3sdJb8SRNSQiCPXnBPgzTMQnYC60A9KhGv8XdUdw7oxLSqSC+Pb6kxC0FGcTJsfSaDCxfgrKI+QrrPpQpjzmVZDH7jl7M6Iom17eqAblH8Pue6trYzo45janRRIInjqjzP/b871zuFxV2rSgrEXZJzaGZfD9lhKHPc1YDO4N+WAY+S/e4cxDIh7KOpwqYS0mC8= rohit@srv-ub-infra-01\n\n",
            "storage": "",
            "storage_type": "",
            "tags": "",
            "target_node": "hv-pxe-01",
            "unused_disk": [],
            "vcpus": 0,
            "vga": [],
            "vlan": -1,
            "vmid": null
          },
          "sensitive_attributes": [],
          "private": "bnVsbA=="
        },
        {
          "index_key": 1,
          "schema_version": 0,
          "attributes": {
            "additional_wait": 15,
            "agent": 1,
            "args": "",
            "balloon": 0,
            "bios": "seabios",
            "boot": "cdn",
            "bootdisk": "scsi0",
            "bridge": "",
            "ci_wait": null,
            "cicustom": "",
            "cipassword": "",
            "ciuser": "",
            "clone": "ubuntu-2004-cloudinit-template",
            "clone_wait": 15,
            "cloudinit_cdrom_storage": null,
            "cores": 4,
            "cpu": "host",
            "default_ipv4_address": "192.168.178.102",
            "define_connection_info": true,
            "desc": "",
            "disk": [
              {
                "backup": 0,
                "cache": "none",
                "discard": "",
                "file": "vm-101-disk-0",
                "format": "raw",
                "iothread": 1,
                "mbps": 0,
                "mbps_rd": 0,
                "mbps_rd_max": 0,
                "mbps_wr": 0,
                "mbps_wr_max": 0,
                "media": "",
                "replicate": 0,
                "size": "20G",
                "slot": 0,
                "ssd": 0,
                "storage": "Local-Proxmox",
                "storage_type": "zfspool",
                "type": "scsi",
                "volume": "Local-Proxmox:vm-101-disk-0"
              }
            ],
            "disk_gb": 0,
            "force_create": false,
            "force_recreate_on_change_of": null,
            "full_clone": true,
            "guest_agent_ready_timeout": 600,
            "hastate": "",
            "hotplug": "network,disk,usb",
            "id": "hv-pxe-01/qemu/101",
            "ipconfig0": "ip=192.168.178.102/24,gw=192.168.178.1",
            "ipconfig1": "",
            "ipconfig2": "",
            "iso": null,
            "kvm": true,
            "mac": "",
            "memory": 4096,
            "name": "kubernetes-node-1",
            "nameserver": "",
            "network": [
              {
                "bridge": "vmbr0",
                "firewall": false,
                "link_down": false,
                "macaddr": "BA:FF:81:A3:E6:B1",
                "model": "virtio",
                "queues": 0,
                "rate": 0,
                "tag": -1
              }
            ],
            "nic": "",
            "numa": false,
            "onboot": true,
            "os_network_config": null,
            "os_type": "cloud-init",
            "pool": "",
            "preprovision": true,
            "qemu_os": "other",
            "reboot_required": false,
            "scsihw": "virtio-scsi-pci",
            "searchdomain": "",
            "serial": [],
            "sockets": 1,
            "ssh_forward_ip": null,
            "ssh_host": "192.168.178.102",
            "ssh_port": "22",
            "ssh_private_key": null,
            "ssh_user": null,
            "sshkeys": "  ssh-rsa AAAAB3NzaC1yc2EAAAADAQABAAABgQDCaoGbiEiWiWYmu2oxodAskRgBYlNRzBL3hqWraELQcN/456jWaRszEya/3gw+qx+h7UAIocF4M/cvozg6cX90j6iYEmeE+IKDzPM5A+IdJUKqDU97Yux9zFB7v6htMcGDZJcx/a24HDWUoQKFp+NSU74so8C3hWns5g1xaoV5mysZI0Y1Jn+yI3wA+gl70sAEVCRBpYIbJUG74zd4uP+8sfN32vCXooNyH9B2HIQbY1aPRgTrUcFNbDkniUVlqKBe50mXAZAlHvQjhn/YeB0RpbGzmMef7oDmOssTr0pBVKWavzBCoQHlT7d1zpAXe3sdJb8SRNSQiCPXnBPgzTMQnYC60A9KhGv8XdUdw7oxLSqSC+Pb6kxC0FGcTJsfSaDCxfgrKI+QrrPpQpjzmVZDH7jl7M6Iom17eqAblH8Pue6trYzo45janRRIInjqjzP/b871zuFxV2rSgrEXZJzaGZfD9lhKHPc1YDO4N+WAY+S/e4cxDIh7KOpwqYS0mC8= rohit@srv-ub-infra-01\n\n",
            "storage": "",
            "storage_type": "",
            "tags": "",
            "target_node": "hv-pxe-01",
            "unused_disk": [],
            "vcpus": 0,
            "vga": [],
            "vlan": -1,
            "vmid": null
          },
          "sensitive_attributes": [],
          "private": "bnVsbA=="
        }
      ]
    },
    {
      "mode": "managed",
      "type": "proxmox_vm_qemu",
      "name": "k3s_server",
      "provider": "provider[\"registry.terraform.io/telmate/proxmox\"]",
      "instances": [
        {
          "index_key": 0,
          "schema_version": 0,
          "attributes": {
            "additional_wait": 15,
            "agent": 1,
            "args": "",
            "balloon": 0,
            "bios": "seabios",
            "boot": "cdn",
            "bootdisk": "scsi0",
            "bridge": "",
            "ci_wait": null,
            "cicustom": "",
            "cipassword": "",
            "ciuser": "",
            "clone": "ubuntu-2004-cloudinit-template",
            "clone_wait": 15,
            "cloudinit_cdrom_storage": null,
            "cores": 4,
            "cpu": "host",
            "default_ipv4_address": "192.168.178.100",
            "define_connection_info": true,
            "desc": "",
            "disk": [
              {
                "backup": 0,
                "cache": "none",
                "discard": "",
                "file": "vm-102-disk-0",
                "format": "raw",
                "iothread": 1,
                "mbps": 0,
                "mbps_rd": 0,
                "mbps_rd_max": 0,
                "mbps_wr": 0,
                "mbps_wr_max": 0,
                "media": "",
                "replicate": 0,
                "size": "20G",
                "slot": 0,
                "ssd": 0,
                "storage": "Local-Proxmox",
                "storage_type": "zfspool",
                "type": "scsi",
                "volume": "Local-Proxmox:vm-102-disk-0"
              }
            ],
            "disk_gb": 0,
            "force_create": false,
            "force_recreate_on_change_of": null,
            "full_clone": true,
            "guest_agent_ready_timeout": 600,
            "hastate": "",
            "hotplug": "network,disk,usb",
            "id": "hv-pxe-01/qemu/102",
            "ipconfig0": "ip=192.168.178.100/24,gw=192.168.178.1",
            "ipconfig1": "",
            "ipconfig2": "",
            "iso": null,
            "kvm": true,
            "mac": "",
            "memory": 2048,
            "name": "kubernetes-master-0",
            "nameserver": "",
            "network": [
              {
                "bridge": "vmbr0",
                "firewall": false,
                "link_down": false,
                "macaddr": "EA:B5:12:F2:A0:79",
                "model": "virtio",
                "queues": 0,
                "rate": 0,
                "tag": -1
              }
            ],
            "nic": "",
            "numa": false,
            "onboot": true,
            "os_network_config": null,
            "os_type": "cloud-init",
            "pool": "",
            "preprovision": true,
            "qemu_os": "other",
            "reboot_required": false,
            "scsihw": "virtio-scsi-pci",
            "searchdomain": "",
            "serial": [],
            "sockets": 1,
            "ssh_forward_ip": null,
            "ssh_host": "192.168.178.100",
            "ssh_port": "22",
            "ssh_private_key": null,
            "ssh_user": null,
            "sshkeys": "  ssh-rsa AAAAB3NzaC1yc2EAAAADAQABAAABgQDCaoGbiEiWiWYmu2oxodAskRgBYlNRzBL3hqWraELQcN/456jWaRszEya/3gw+qx+h7UAIocF4M/cvozg6cX90j6iYEmeE+IKDzPM5A+IdJUKqDU97Yux9zFB7v6htMcGDZJcx/a24HDWUoQKFp+NSU74so8C3hWns5g1xaoV5mysZI0Y1Jn+yI3wA+gl70sAEVCRBpYIbJUG74zd4uP+8sfN32vCXooNyH9B2HIQbY1aPRgTrUcFNbDkniUVlqKBe50mXAZAlHvQjhn/YeB0RpbGzmMef7oDmOssTr0pBVKWavzBCoQHlT7d1zpAXe3sdJb8SRNSQiCPXnBPgzTMQnYC60A9KhGv8XdUdw7oxLSqSC+Pb6kxC0FGcTJsfSaDCxfgrKI+QrrPpQpjzmVZDH7jl7M6Iom17eqAblH8Pue6trYzo45janRRIInjqjzP/b871zuFxV2rSgrEXZJzaGZfD9lhKHPc1YDO4N+WAY+S/e4cxDIh7KOpwqYS0mC8= rohit@srv-ub-infra-01\n\n",
            "storage": "",
            "storage_type": "",
            "tags": "",
            "target_node": "hv-pxe-01",
            "unused_disk": [],
            "vcpus": 0,
            "vga": [],
            "vlan": -1,
            "vmid": null
          },
          "sensitive_attributes": [],
          "private": "bnVsbA=="
        }
      ]
    }
  ]
}
